
Microsoft Visual Studio Solution File, Format Version 12.00
# Visual Studio 14
VisualStudioVersion = 14.0.24720.0
MinimumVisualStudioVersion = 10.0.40219.1
Project("{FAE04EC0-301F-11D3-BF4B-00C04F79EFBC}") = "CSC415Project1", "Project1\CSC415Project1.csproj", "{8150A613-F8AF-4D24-9D02-5C55D1AEB1F5}"
EndProject
Project("{FAE04EC0-301F-11D3-BF4B-00C04F79EFBC}") = "ComputeGrade", "ComputeGrade\ComputeGrade.csproj", "{BB651D0A-39EC-40CA-9585-E9B4127B3621}"
EndProject
Global
	GlobalSection(SolutionConfigurationPlatforms) = preSolution
		Debug|Any CPU = Debug|Any CPU
		Release|Any CPU = Release|Any CPU
	EndGlobalSection
	GlobalSection(ProjectConfigurationPlatforms) = postSolution
		{8150A613-F8AF-4D24-9D02-5C55D1AEB1F5}.Debug|Any CPU.ActiveCfg = Debug|Any CPU
		{8150A613-F8AF-4D24-9D02-5C55D1AEB1F5}.Debug|Any CPU.Build.0 = Debug|Any CPU
		{8150A613-F8AF-4D24-9D02-5C55D1AEB1F5}.Release|Any CPU.ActiveCfg = Release|Any CPU
		{8150A613-F8AF-4D24-9D02-5C55D1AEB1F5}.Release|Any CPU.Build.0 = Release|Any CPU
		{BB651D0A-39EC-40CA-9585-E9B4127B3621}.Debug|Any CPU.ActiveCfg = Debug|Any CPU
		{BB651D0A-39EC-40CA-9585-E9B4127B3621}.Debug|Any CPU.Build.0 = Debug|Any CPU
		{BB651D0A-39EC-40CA-9585-E9B4127B3621}.Release|Any CPU.ActiveCfg = Release|Any CPU
		{BB651D0A-39EC-40CA-9585-E9B4127B3621}.Release|Any CPU.Build.0 = Release|Any CPU
	EndGlobalSection
	GlobalSection(SolutionProperties) = preSolution
		HideSolutionNode = FALSE
	EndGlobalSection
EndGlobal
